
Microsoft Visual Studio Solution File, Format Version 12.00
# Visual Studio Version 17
VisualStudioVersion = 17.1.31903.286
MinimumVisualStudioVersion = 10.0.40219.1
Project("{FAE04EC0-301F-11D3-BF4B-00C04F79EFBC}") = "Kursach", "Kursach\Kursach.csproj", "{3446D6AA-81C8-4FD8-BDB9-13A6B29BF1BF}"
EndProject
Global
	GlobalSection(SolutionConfigurationPlatforms) = preSolution
		Debug|Any CPU = Debug|Any CPU
		Release|Any CPU = Release|Any CPU
	EndGlobalSection
	GlobalSection(ProjectConfigurationPlatforms) = postSolution
		{3446D6AA-81C8-4FD8-BDB9-13A6B29BF1BF}.Debug|Any CPU.ActiveCfg = Debug|Any CPU
		{3446D6AA-81C8-4FD8-BDB9-13A6B29BF1BF}.Debug|Any CPU.Build.0 = Debug|Any CPU
		{3446D6AA-81C8-4FD8-BDB9-13A6B29BF1BF}.Release|Any CPU.ActiveCfg = Release|Any CPU
		{3446D6AA-81C8-4FD8-BDB9-13A6B29BF1BF}.Release|Any CPU.Build.0 = Release|Any CPU
	EndGlobalSection
	GlobalSection(SolutionProperties) = preSolution
		HideSolutionNode = FALSE
	EndGlobalSection
	GlobalSection(ExtensibilityGlobals) = postSolution
		SolutionGuid = {9C8D118C-8C2B-4A21-AE3D-6D6A7D585880}
	EndGlobalSection
EndGlobal
